// !$*UTF8*$!
{
	archiveVersion = 1;
	classes = {
	};
	objectVersion = 48;
	objects = {

/* Begin PBXBuildFile section */
		37FB06AA20C63FD20018B02A /* AppDelegate.swift in Sources */ = {isa = PBXBuildFile; fileRef = 37FB06A920C63FD20018B02A /* AppDelegate.swift */; };
		37FB06AC20C63FD20018B02A /* ViewController.swift in Sources */ = {isa = PBXBuildFile; fileRef = 37FB06AB20C63FD20018B02A /* ViewController.swift */; };
		37FB06AF20C63FD20018B02A /* Main.storyboard in Resources */ = {isa = PBXBuildFile; fileRef = 37FB06AD20C63FD20018B02A /* Main.storyboard */; };
		37FB06B120C63FD20018B02A /* Assets.xcassets in Resources */ = {isa = PBXBuildFile; fileRef = 37FB06B020C63FD20018B02A /* Assets.xcassets */; };
		37FB06B420C63FD20018B02A /* LaunchScreen.storyboard in Resources */ = {isa = PBXBuildFile; fileRef = 37FB06B220C63FD20018B02A /* LaunchScreen.storyboard */; };
		37FB06BC20C731E80018B02A /* MiniGalleryClient.swift in Sources */ = {isa = PBXBuildFile; fileRef = 37FB06BB20C731E80018B02A /* MiniGalleryClient.swift */; };
		37FB06BE20C751470018B02A /* Default-568h@2x.png in Resources */ = {isa = PBXBuildFile; fileRef = 37FB06BD20C751470018B02A /* Default-568h@2x.png */; };
/* End PBXBuildFile section */

/* Begin PBXFileReference section */
		37FB06A620C63FD20018B02A /* MiniGallery.app */ = {isa = PBXFileReference; explicitFileType = wrapper.application; includeInIndex = 0; path = MiniGallery.app; sourceTree = BUILT_PRODUCTS_DIR; };
		37FB06A920C63FD20018B02A /* AppDelegate.swift */ = {isa = PBXFileReference; lastKnownFileType = sourcecode.swift; path = AppDelegate.swift; sourceTree = "<group>"; };
		37FB06AB20C63FD20018B02A /* ViewController.swift */ = {isa = PBXFileReference; lastKnownFileType = sourcecode.swift; path = ViewController.swift; sourceTree = "<group>"; };
		37FB06AE20C63FD20018B02A /* Base */ = {isa = PBXFileReference; lastKnownFileType = file.storyboard; name = Base; path = Base.lproj/Main.storyboard; sourceTree = "<group>"; };
		37FB06B020C63FD20018B02A /* Assets.xcassets */ = {isa = PBXFileReference; lastKnownFileType = folder.assetcatalog; path = Assets.xcassets; sourceTree = "<group>"; };
		37FB06B320C63FD20018B02A /* Base */ = {isa = PBXFileReference; lastKnownFileType = file.storyboard; name = Base; path = Base.lproj/LaunchScreen.storyboard; sourceTree = "<group>"; };
		37FB06B520C63FD20018B02A /* Info.plist */ = {isa = PBXFileReference; lastKnownFileType = text.plist.xml; path = Info.plist; sourceTree = "<group>"; };
		37FB06BB20C731E80018B02A /* MiniGalleryClient.swift */ = {isa = PBXFileReference; lastKnownFileType = sourcecode.swift; path = MiniGalleryClient.swift; sourceTree = "<group>"; };
		37FB06BD20C751470018B02A /* Default-568h@2x.png */ = {isa = PBXFileReference; lastKnownFileType = image.png; path = "Default-568h@2x.png"; sourceTree = "<group>"; };
/* End PBXFileReference section */

/* Begin PBXFrameworksBuildPhase section */
		37FB06A320C63FD20018B02A /* Frameworks */ = {
			isa = PBXFrameworksBuildPhase;
			buildActionMask = 2147483647;
			files = (
			);
			runOnlyForDeploymentPostprocessing = 0;
		};
/* End PBXFrameworksBuildPhase section */

/* Begin PBXGroup section */
		37FB069D20C63FD20018B02A = {
			isa = PBXGroup;
			children = (
				37FB06BD20C751470018B02A /* Default-568h@2x.png */,
				37FB06A820C63FD20018B02A /* MiniGallery */,
				37FB06A720C63FD20018B02A /* Products */,
			);
			sourceTree = "<group>";
		};
		37FB06A720C63FD20018B02A /* Products */ = {
			isa = PBXGroup;
			children = (
				37FB06A620C63FD20018B02A /* MiniGallery.app */,
			);
			name = Products;
			sourceTree = "<group>";
		};
		37FB06A820C63FD20018B02A /* MiniGallery */ = {
			isa = PBXGroup;
			children = (
				37FB06A920C63FD20018B02A /* AppDelegate.swift */,
				37FB06AB20C63FD20018B02A /* ViewController.swift */,
				37FB06AD20C63FD20018B02A /* Main.storyboard */,
				37FB06B020C63FD20018B02A /* Assets.xcassets */,
				37FB06B220C63FD20018B02A /* LaunchScreen.storyboard */,
				37FB06B520C63FD20018B02A /* Info.plist */,
				37FB06BB20C731E80018B02A /* MiniGalleryClient.swift */,
			);
			path = MiniGallery;
			sourceTree = "<group>";
		};
/* End PBXGroup section */

/* Begin PBXNativeTarget section */
		37FB06A520C63FD20018B02A /* MiniGallery */ = {
			isa = PBXNativeTarget;
			buildConfigurationList = 37FB06B820C63FD20018B02A /* Build configuration list for PBXNativeTarget "MiniGallery" */;
			buildPhases = (
				37FB06A220C63FD20018B02A /* Sources */,
				37FB06A320C63FD20018B02A /* Frameworks */,
				37FB06A420C63FD20018B02A /* Resources */,
			);
			buildRules = (
			);
			dependencies = (
			);
			name = MiniGallery;
			productName = MiniGallery;
			productReference = 37FB06A620C63FD20018B02A /* MiniGallery.app */;
			productType = "com.apple.product-type.application";
		};
/* End PBXNativeTarget section */

/* Begin PBXProject section */
		37FB069E20C63FD20018B02A /* Project object */ = {
			isa = PBXProject;
			attributes = {
				LastSwiftUpdateCheck = 0920;
				LastUpgradeCheck = 0920;
				ORGANIZATIONNAME = "Tomas Sidenfaden";
				TargetAttributes = {
					37FB06A520C63FD20018B02A = {
						CreatedOnToolsVersion = 9.2;
						ProvisioningStyle = Automatic;
					};
				};
			};
			buildConfigurationList = 37FB06A120C63FD20018B02A /* Build configuration list for PBXProject "MiniGallery" */;
			compatibilityVersion = "Xcode 8.0";
			developmentRegion = en;
			hasScannedForEncodings = 0;
			knownRegions = (
				en,
				Base,
			);
			mainGroup = 37FB069D20C63FD20018B02A;
			productRefGroup = 37FB06A720C63FD20018B02A /* Products */;
			projectDirPath = "";
			projectRoot = "";
			targets = (
				37FB06A520C63FD20018B02A /* MiniGallery */,
			);
		};
/* End PBXProject section */

/* Begin PBXResourcesBuildPhase section */
		37FB06A420C63FD20018B02A /* Resources */ = {
			isa = PBXResourcesBuildPhase;
			buildActionMask = 2147483647;
			files = (
				37FB06B420C63FD20018B02A /* LaunchScreen.storyboard in Resources */,
				37FB06BE20C751470018B02A /* Default-568h@2x.png in Resources */,
				37FB06B120C63FD20018B02A /* Assets.xcassets in Resources */,
				37FB06AF20C63FD20018B02A /* Main.storyboard in Resources */,
			);
			runOnlyForDeploymentPostprocessing = 0;
		};
/* End PBXResourcesBuildPhase section */

/* Begin PBXSourcesBuildPhase section */
		37FB06A220C63FD20018B02A /* Sources */ = {
			isa = PBXSourcesBuildPhase;
			buildActionMask = 2147483647;
			files = (
				37FB06BC20C731E80018B02A /* MiniGalleryClient.swift in Sources */,
				37FB06AC20C63FD20018B02A /* ViewController.swift in Sources */,
				37FB06AA20C63FD20018B02A /* AppDelegate.swift in Sources */,
			);
			runOnlyForDeploymentPostprocessing = 0;
		};
/* End PBXSourcesBuildPhase section */

/* Begin PBXVariantGroup section */
		37FB06AD20C63FD20018B02A /* Main.storyboard */ = {
			isa = PBXVariantGroup;
			children = (
				37FB06AE20C63FD20018B02A /* Base */,
			);
			name = Main.storyboard;
			sourceTree = "<group>";
		};
		37FB06B220C63FD20018B02A /* LaunchScreen.storyboard */ = {
			isa = PBXVariantGroup;
			children = (
				37FB06B320C63FD20018B02A /* Base */,
			);
			name = LaunchScreen.storyboard;
			sourceTree = "<group>";
		};
/* End PBXVariantGroup section */

/* Begin XCBuildConfiguration section */
		37FB06B620C63FD20018B02A /* Debug */ = {
			isa = XCBuildConfiguration;
			buildSettings = {
				ALWAYS_SEARCH_USER_PATHS = NO;
				CLANG_ANALYZER_NONNULL = YES;
				CLANG_ANALYZER_NUMBER_OBJECT_CONVERSION = YES_AGGRESSIVE;
				CLANG_CXX_LANGUAGE_STANDARD = "gnu++14";
				CLANG_CXX_LIBRARY = "libc++";
				CLANG_ENABLE_MODULES = YES;
				CLANG_ENABLE_OBJC_ARC = YES;
				CLANG_WARN_BLOCK_CAPTURE_AUTORELEASING = YES;
				CLANG_WARN_BOOL_CONVERSION = YES;
				CLANG_WARN_COMMA = YES;
				CLANG_WARN_CONSTANT_CONVERSION = YES;
				CLANG_WARN_DIRECT_OBJC_ISA_USAGE = YES_ERROR;
				CLANG_WARN_DOCUMENTATION_COMMENTS = YES;
				CLANG_WARN_EMPTY_BODY = YES;
				CLANG_WARN_ENUM_CONVERSION = YES;
				CLANG_WARN_INFINITE_RECURSION = YES;
				CLANG_WARN_INT_CONVERSION = YES;
				CLANG_WARN_NON_LITERAL_NULL_CONVERSION = YES;
				CLANG_WARN_OBJC_LITERAL_CONVERSION = YES;
				CLANG_WARN_OBJC_ROOT_CLASS = YES_ERROR;
				CLANG_WARN_RANGE_LOOP_ANALYSIS = YES;
				CLANG_WARN_STRICT_PROTOTYPES = YES;
				CLANG_WARN_SUSPICIOUS_MOVE = YES;
				CLANG_WARN_UNGUARDED_AVAILABILITY = YES_AGGRESSIVE;
				CLANG_WARN_UNREACHABLE_CODE = YES;
				CLANG_WARN__DUPLICATE_METHOD_MATCH = YES;
				CODE_SIGN_IDENTITY = "iPhone Developer";
				COPY_PHASE_STRIP = NO;
				DEBUG_INFORMATION_FORMAT = dwarf;
				ENABLE_STRICT_OBJC_MSGSEND = YES;
				ENABLE_TESTABILITY = YES;
				GCC_C_LANGUAGE_STANDARD = gnu11;
				GCC_DYNAMIC_NO_PIC = NO;
				GCC_NO_COMMON_BLOCKS = YES;
				GCC_OPTIMIZATION_LEVEL = 0;
				GCC_PREPROCESSOR_DEFINITIONS = (
					"DEBUG=1",
					"$(inherited)",
				);
				GCC_WARN_64_TO_32_BIT_CONVERSION = YES;
				GCC_WARN_ABOUT_RETURN_TYPE = YES_ERROR;
				GCC_WARN_UNDECLARED_SELECTOR = YES;
				GCC_WARN_UNINITIALIZED_AUTOS = YES_AGGRESSIVE;
				GCC_WARN_UNUSED_FUNCTION = YES;
				GCC_WARN_UNUSED_VARIABLE = YES;
				IPHONEOS_DEPLOYMENT_TARGET = 11.2;
				MTL_ENABLE_DEBUG_INFO = YES;
				ONLY_ACTIVE_ARCH = YES;
				SDKROOT = iphoneos;
				SWIFT_ACTIVE_COMPILATION_CONDITIONS = DEBUG;
				SWIFT_OPTIMIZATION_LEVEL = "-Onone";
			};
			name = Debug;
		};
		37FB06B720C63FD20018B02A /* Release */ = {
			isa = XCBuildConfiguration;
			buildSettings = {
				ALWAYS_SEARCH_USER_PATHS = NO;
				CLANG_ANALYZER_NONNULL = YES;
				CLANG_ANALYZER_NUMBER_OBJECT_CONVERSION = YES_AGGRESSIVE;
				CLANG_CXX_LANGUAGE_STANDARD = "gnu++14";
				CLANG_CXX_LIBRARY = "libc++";
				CLANG_ENABLE_MODULES = YES;
				CLANG_ENABLE_OBJC_ARC = YES;
				CLANG_WARN_BLOCK_CAPTURE_AUTORELEASING = YES;
				CLANG_WARN_BOOL_CONVERSION = YES;
				CLANG_WARN_COMMA = YES;
				CLANG_WARN_CONSTANT_CONVERSION = YES;
				CLANG_WARN_DIRECT_OBJC_ISA_USAGE = YES_ERROR;
				CLANG_WARN_DOCUMENTATION_COMMENTS = YES;
				CLANG_WARN_EMPTY_BODY = YES;
				CLANG_WARN_ENUM_CONVERSION = YES;
				CLANG_WARN_INFINITE_RECURSION = YES;
				CLANG_WARN_INT_CONVERSION = YES;
				CLANG_WARN_NON_LITERAL_NULL_CONVERSION = YES;
				CLANG_WARN_OBJC_LITERAL_CONVERSION = YES;
				CLANG_WARN_OBJC_ROOT_CLASS = YES_ERROR;
				CLANG_WARN_RANGE_LOOP_ANALYSIS = YES;
				CLANG_WARN_STRICT_PROTOTYPES = YES;
				CLANG_WARN_SUSPICIOUS_MOVE = YES;
				CLANG_WARN_UNGUARDED_AVAILABILITY = YES_AGGRESSIVE;
				CLANG_WARN_UNREACHABLE_CODE = YES;
				CLANG_WARN__DUPLICATE_METHOD_MATCH = YES;
				CODE_SIGN_IDENTITY = "iPhone Developer";
				COPY_PHASE_STRIP = NO;
				DEBUG_INFORMATION_FORMAT = "dwarf-with-dsym";
				ENABLE_NS_ASSERTIONS = NO;
				ENABLE_STRICT_OBJC_MSGSEND = YES;
				GCC_C_LANGUAGE_STANDARD = gnu11;
				GCC_NO_COMMON_BLOCKS = YES;
				GCC_WARN_64_TO_32_BIT_CONVERSION = YES;
				GCC_WARN_ABOUT_RETURN_TYPE = YES_ERROR;
				GCC_WARN_UNDECLARED_SELECTOR = YES;
				GCC_WARN_UNINITIALIZED_AUTOS = YES_AGGRESSIVE;
				GCC_WARN_UNUSED_FUNCTION = YES;
				GCC_WARN_UNUSED_VARIABLE = YES;
				IPHONEOS_DEPLOYMENT_TARGET = 11.2;
				MTL_ENABLE_DEBUG_INFO = NO;
				SDKROOT = iphoneos;
				SWIFT_OPTIMIZATION_LEVEL = "-Owholemodule";
				VALIDATE_PRODUCT = YES;
			};
			name = Release;
		};
		37FB06B920C63FD20018B02A /* Debug */ = {
			isa = XCBuildConfiguration;
			buildSettings = {
				ASSETCATALOG_COMPILER_APPICON_NAME = AppIcon;
				CODE_SIGN_STYLE = Automatic;
				DEVELOPMENT_TEAM = 7Q9W2X5558;
				INFOPLIST_FILE = MiniGallery/Info.plist;
				LD_RUNPATH_SEARCH_PATHS = "$(inherited) @executable_path/Frameworks";
				PRODUCT_BUNDLE_IDENTIFIER = com.pigpocket.MiniGallery;
				PRODUCT_NAME = "$(TARGET_NAME)";
				SWIFT_VERSION = 4.0;
				TARGETED_DEVICE_FAMILY = "1,2";
			};
			name = Debug;
		};
		37FB06BA20C63FD20018B02A /* Release */ = {
			isa = XCBuildConfiguration;
			buildSettings = {
				ASSETCATALOG_COMPILER_APPICON_NAME = AppIcon;
				CODE_SIGN_STYLE = Automatic;
				DEVELOPMENT_TEAM = 7Q9W2X5558;
				INFOPLIST_FILE = MiniGallery/Info.plist;
				LD_RUNPATH_SEARCH_PATHS = "$(inherited) @executable_path/Frameworks";
				PRODUCT_BUNDLE_IDENTIFIER = com.pigpocket.MiniGallery;
				PRODUCT_NAME = "$(TARGET_NAME)";
				SWIFT_VERSION = 4.0;
				TARGETED_DEVICE_FAMILY = "1,2";
			};
			name = Release;
		};
/* End XCBuildConfiguration section */

/* Begin XCConfigurationList section */
		37FB06A120C63FD20018B02A /* Build configuration list for PBXProject "MiniGallery" */ = {
			isa = XCConfigurationList;
			buildConfigurations = (
				37FB06B620C63FD20018B02A /* Debug */,
				37FB06B720C63FD20018B02A /* Release */,
			);
			defaultConfigurationIsVisible = 0;
			defaultConfigurationName = Release;
		};
		37FB06B820C63FD20018B02A /* Build configuration list for PBXNativeTarget "MiniGallery" */ = {
			isa = XCConfigurationList;
			buildConfigurations = (
				37FB06B920C63FD20018B02A /* Debug */,
				37FB06BA20C63FD20018B02A /* Release */,
			);
			defaultConfigurationIsVisible = 0;
			defaultConfigurationName = Release;
		};
/* End XCConfigurationList section */
	};
	rootObject = 37FB069E20C63FD20018B02A /* Project object */;
}
